
Microsoft Visual Studio Solution File, Format Version 12.00
# Visual Studio Version 16
VisualStudioVersion = 16.0.34407.143
MinimumVisualStudioVersion = 10.0.40219.1
Project("{FAE04EC0-301F-11D3-BF4B-00C04F79EFBC}") = "ConsoleApp9", "ConsoleApp9\ConsoleApp9.csproj", "{65DBA751-66E2-4654-B302-775F3121F7A5}"
EndProject
Global
	GlobalSection(SolutionConfigurationPlatforms) = preSolution
		Debug|Any CPU = Debug|Any CPU
		Release|Any CPU = Release|Any CPU
	EndGlobalSection
	GlobalSection(ProjectConfigurationPlatforms) = postSolution
		{65DBA751-66E2-4654-B302-775F3121F7A5}.Debug|Any CPU.ActiveCfg = Debug|Any CPU
		{65DBA751-66E2-4654-B302-775F3121F7A5}.Debug|Any CPU.Build.0 = Debug|Any CPU
		{65DBA751-66E2-4654-B302-775F3121F7A5}.Release|Any CPU.ActiveCfg = Release|Any CPU
		{65DBA751-66E2-4654-B302-775F3121F7A5}.Release|Any CPU.Build.0 = Release|Any CPU
	EndGlobalSection
	GlobalSection(SolutionProperties) = preSolution
		HideSolutionNode = FALSE
	EndGlobalSection
	GlobalSection(ExtensibilityGlobals) = postSolution
		SolutionGuid = {6F839C4A-9F7F-4514-A325-C99001F4A2E6}
	EndGlobalSection
EndGlobal
