
Microsoft Visual Studio Solution File, Format Version 12.00
# Visual Studio Version 16
VisualStudioVersion = 16.0.34407.143
MinimumVisualStudioVersion = 10.0.40219.1
Project("{FAE04EC0-301F-11D3-BF4B-00C04F79EFBC}") = "ConsoleApp5", "ConsoleApp5\ConsoleApp5.csproj", "{8DE13E11-A2FD-468F-A341-16473B765BFD}"
EndProject
Global
	GlobalSection(SolutionConfigurationPlatforms) = preSolution
		Debug|Any CPU = Debug|Any CPU
		Release|Any CPU = Release|Any CPU
	EndGlobalSection
	GlobalSection(ProjectConfigurationPlatforms) = postSolution
		{8DE13E11-A2FD-468F-A341-16473B765BFD}.Debug|Any CPU.ActiveCfg = Debug|Any CPU
		{8DE13E11-A2FD-468F-A341-16473B765BFD}.Debug|Any CPU.Build.0 = Debug|Any CPU
		{8DE13E11-A2FD-468F-A341-16473B765BFD}.Release|Any CPU.ActiveCfg = Release|Any CPU
		{8DE13E11-A2FD-468F-A341-16473B765BFD}.Release|Any CPU.Build.0 = Release|Any CPU
	EndGlobalSection
	GlobalSection(SolutionProperties) = preSolution
		HideSolutionNode = FALSE
	EndGlobalSection
	GlobalSection(ExtensibilityGlobals) = postSolution
		SolutionGuid = {FCC37A70-078E-46D9-9A81-D79978E28BC9}
	EndGlobalSection
EndGlobal
